
Microsoft Visual Studio Solution File, Format Version 12.00
# Visual Studio Version 17
VisualStudioVersion = 17.7.34202.233
MinimumVisualStudioVersion = 10.0.40219.1
Project("{FAE04EC0-301F-11D3-BF4B-00C04F79EFBC}") = "RunGroopWebApp", "RunGroopWebApp\RunGroopWebApp.csproj", "{D24895AC-EA9E-4060-9415-CD04CA50BA4C}"
EndProject
Global
	GlobalSection(SolutionConfigurationPlatforms) = preSolution
		Debug|Any CPU = Debug|Any CPU
		Release|Any CPU = Release|Any CPU
	EndGlobalSection
	GlobalSection(ProjectConfigurationPlatforms) = postSolution
		{D24895AC-EA9E-4060-9415-CD04CA50BA4C}.Debug|Any CPU.ActiveCfg = Debug|Any CPU
		{D24895AC-EA9E-4060-9415-CD04CA50BA4C}.Debug|Any CPU.Build.0 = Debug|Any CPU
		{D24895AC-EA9E-4060-9415-CD04CA50BA4C}.Release|Any CPU.ActiveCfg = Release|Any CPU
		{D24895AC-EA9E-4060-9415-CD04CA50BA4C}.Release|Any CPU.Build.0 = Release|Any CPU
	EndGlobalSection
	GlobalSection(SolutionProperties) = preSolution
		HideSolutionNode = FALSE
	EndGlobalSection
	GlobalSection(ExtensibilityGlobals) = postSolution
		SolutionGuid = {4BA73108-2434-483C-AE8B-4EA91ED68C17}
	EndGlobalSection
EndGlobal
